
Microsoft Visual Studio Solution File, Format Version 12.00
# Visual Studio Version 17
VisualStudioVersion = 17.3.32714.290
MinimumVisualStudioVersion = 10.0.40219.1
Project("{FAE04EC0-301F-11D3-BF4B-00C04F79EFBC}") = "ScoreManager", "ScoreManager\ScoreManager.csproj", "{59103DB1-924D-49FA-A51F-3DED4F186482}"
EndProject
Project("{FAE04EC0-301F-11D3-BF4B-00C04F79EFBC}") = "Setup", "Setup\Setup.csproj", "{D1E2D585-EC89-4193-99FE-D4343E8F2551}"
EndProject
Project("{FAE04EC0-301F-11D3-BF4B-00C04F79EFBC}") = "Uninstall", "Uninstall\Uninstall.csproj", "{E1C2200F-02EF-4F1E-8502-DDB5C16B5448}"
EndProject
Global
	GlobalSection(SolutionConfigurationPlatforms) = preSolution
		Debug|Any CPU = Debug|Any CPU
		Release|Any CPU = Release|Any CPU
	EndGlobalSection
	GlobalSection(ProjectConfigurationPlatforms) = postSolution
		{59103DB1-924D-49FA-A51F-3DED4F186482}.Debug|Any CPU.ActiveCfg = Debug|Any CPU
		{59103DB1-924D-49FA-A51F-3DED4F186482}.Debug|Any CPU.Build.0 = Debug|Any CPU
		{59103DB1-924D-49FA-A51F-3DED4F186482}.Release|Any CPU.ActiveCfg = Release|Any CPU
		{59103DB1-924D-49FA-A51F-3DED4F186482}.Release|Any CPU.Build.0 = Release|Any CPU
		{D1E2D585-EC89-4193-99FE-D4343E8F2551}.Debug|Any CPU.ActiveCfg = Debug|Any CPU
		{D1E2D585-EC89-4193-99FE-D4343E8F2551}.Debug|Any CPU.Build.0 = Debug|Any CPU
		{D1E2D585-EC89-4193-99FE-D4343E8F2551}.Release|Any CPU.ActiveCfg = Release|Any CPU
		{D1E2D585-EC89-4193-99FE-D4343E8F2551}.Release|Any CPU.Build.0 = Release|Any CPU
		{E1C2200F-02EF-4F1E-8502-DDB5C16B5448}.Debug|Any CPU.ActiveCfg = Debug|Any CPU
		{E1C2200F-02EF-4F1E-8502-DDB5C16B5448}.Debug|Any CPU.Build.0 = Debug|Any CPU
		{E1C2200F-02EF-4F1E-8502-DDB5C16B5448}.Release|Any CPU.ActiveCfg = Release|Any CPU
		{E1C2200F-02EF-4F1E-8502-DDB5C16B5448}.Release|Any CPU.Build.0 = Release|Any CPU
	EndGlobalSection
	GlobalSection(SolutionProperties) = preSolution
		HideSolutionNode = FALSE
	EndGlobalSection
	GlobalSection(ExtensibilityGlobals) = postSolution
		SolutionGuid = {D1706041-BF13-46A6-9451-BC3C51B13DD5}
	EndGlobalSection
EndGlobal
