
Microsoft Visual Studio Solution File, Format Version 12.00
# Visual Studio Version 17
VisualStudioVersion = 17.3.32714.290
MinimumVisualStudioVersion = 10.0.40219.1
Project("{FAE04EC0-301F-11D3-BF4B-00C04F79EFBC}") = "ScoreManager", "ScoreManager\ScoreManager.csproj", "{59103DB1-924D-49FA-A51F-3DED4F186482}"
EndProject
Project("{54435603-DBB4-11D2-8724-00A0C9A8B90C}") = "Setup", "Setup\Setup.vdproj", "{37EB320F-5688-48E1-965E-BFD3EB89EB61}"
EndProject
Global
	GlobalSection(SolutionConfigurationPlatforms) = preSolution
		Debug|Any CPU = Debug|Any CPU
		Release|Any CPU = Release|Any CPU
	EndGlobalSection
	GlobalSection(ProjectConfigurationPlatforms) = postSolution
		{59103DB1-924D-49FA-A51F-3DED4F186482}.Debug|Any CPU.ActiveCfg = Debug|Any CPU
		{59103DB1-924D-49FA-A51F-3DED4F186482}.Debug|Any CPU.Build.0 = Debug|Any CPU
		{59103DB1-924D-49FA-A51F-3DED4F186482}.Release|Any CPU.ActiveCfg = Release|Any CPU
		{59103DB1-924D-49FA-A51F-3DED4F186482}.Release|Any CPU.Build.0 = Release|Any CPU
		{37EB320F-5688-48E1-965E-BFD3EB89EB61}.Debug|Any CPU.ActiveCfg = Debug
		{37EB320F-5688-48E1-965E-BFD3EB89EB61}.Release|Any CPU.ActiveCfg = Release
	EndGlobalSection
	GlobalSection(SolutionProperties) = preSolution
		HideSolutionNode = FALSE
	EndGlobalSection
	GlobalSection(ExtensibilityGlobals) = postSolution
		SolutionGuid = {D1706041-BF13-46A6-9451-BC3C51B13DD5}
	EndGlobalSection
EndGlobal
